
Microsoft Visual Studio Solution File, Format Version 12.00
# Visual Studio 2017
Project("{FAE04EC0-301F-11D3-BF4B-00C04F79EFBC}") = "射箭", "射箭.csproj", "{7D4C71C5-1C3E-024A-88C0-601797BDDF3A}"
EndProject
Global
	GlobalSection(SolutionConfigurationPlatforms) = preSolution
		Debug|Any CPU = Debug|Any CPU
		Release|Any CPU = Release|Any CPU
	EndGlobalSection
	GlobalSection(ProjectConfigurationPlatforms) = postSolution
		{7D4C71C5-1C3E-024A-88C0-601797BDDF3A}.Debug|Any CPU.ActiveCfg = Debug|Any CPU
		{7D4C71C5-1C3E-024A-88C0-601797BDDF3A}.Debug|Any CPU.Build.0 = Debug|Any CPU
		{7D4C71C5-1C3E-024A-88C0-601797BDDF3A}.Release|Any CPU.ActiveCfg = Release|Any CPU
		{7D4C71C5-1C3E-024A-88C0-601797BDDF3A}.Release|Any CPU.Build.0 = Release|Any CPU
	EndGlobalSection
	GlobalSection(SolutionProperties) = preSolution
		HideSolutionNode = FALSE
	EndGlobalSection
EndGlobal
